
Microsoft Visual Studio Solution File, Format Version 12.00
# Visual Studio Version 16
VisualStudioVersion = 16.0.33214.272
MinimumVisualStudioVersion = 10.0.40219.1
Project("{FAE04EC0-301F-11D3-BF4B-00C04F79EFBC}") = "SIGBNat", "SIGBNat\SIGBNat.csproj", "{18528E4B-398E-481F-97FB-6803C0777072}"
EndProject
Global
	GlobalSection(SolutionConfigurationPlatforms) = preSolution
		Debug|Any CPU = Debug|Any CPU
		Release|Any CPU = Release|Any CPU
	EndGlobalSection
	GlobalSection(ProjectConfigurationPlatforms) = postSolution
		{18528E4B-398E-481F-97FB-6803C0777072}.Debug|Any CPU.ActiveCfg = Debug|Any CPU
		{18528E4B-398E-481F-97FB-6803C0777072}.Debug|Any CPU.Build.0 = Debug|Any CPU
		{18528E4B-398E-481F-97FB-6803C0777072}.Release|Any CPU.ActiveCfg = Release|Any CPU
		{18528E4B-398E-481F-97FB-6803C0777072}.Release|Any CPU.Build.0 = Release|Any CPU
	EndGlobalSection
	GlobalSection(SolutionProperties) = preSolution
		HideSolutionNode = FALSE
	EndGlobalSection
	GlobalSection(ExtensibilityGlobals) = postSolution
		SolutionGuid = {5091136B-FDF7-443A-B95F-61F4B6E0DEAF}
	EndGlobalSection
EndGlobal
